# THIS IS AN AUTOGENERATED FILE. DO NOT EDIT THIS FILE DIRECTLY.
# yarn lockfile v1


"@types/webpack-env@^1.14.1":
  version "1.14.1"
  resolved "https://registry.yarnpkg.com/@types/webpack-env/-/webpack-env-1.14.1.tgz#0d8a53f308f017c53a5ddc3d07f4d6fa76b790d7"
  integrity sha512-0Ki9jAAhKDSuLDXOIMADg54Hu60SuBTEsWaJGGy5cV+SSUQ63J2a+RrYYGrErzz39fXzTibhKrAQJAb8M7PNcA==

lang.js@^1.1.14:
  version "1.1.14"
  resolved "https://registry.yarnpkg.com/lang.js/-/lang.js-1.1.14.tgz#96329c064c18f8d5e1299d79d827a368af08c710"
  integrity sha512-HsNKw3b7tYHwDQux3lQtbLGAntwJ5fl8Pl1BPXTKu+gdpaZsK9d787yFmLi6/LSXeNSgPO1CjZDKkrrPsERbSw==

php-array-loader@^1.0.1:
  version "1.0.1"
  resolved "https://registry.yarnpkg.com/php-array-loader/-/php-array-loader-1.0.1.tgz#78173cc8aadbda57b8491f5dffe144afb9eadd71"
  integrity sha1-eBc8yKrb2le4SR9d/+FEr7nq3XE=
  dependencies:
    php-array-parser "^1.0.0"

php-array-parser@^1.0.0:
  version "1.0.1"
  resolved "https://registry.yarnpkg.com/php-array-parser/-/php-array-parser-1.0.1.tgz#9da12683c3bebbe228a7e238c716435437631eaa"
  integrity sha512-elnanzvSd/+U2eWD9Hp2MIab6LzWlnp9J+sTrQasDoR6VsWMDa3fDYBS8pojvu3RwPbpgDUHUxV5WGhfJ1NewQ==
  dependencies:
    php-parser "^2.0.3"

php-parser@^2.0.3:
  version "2.2.0"
  resolved "https://registry.yarnpkg.com/php-parser/-/php-parser-2.2.0.tgz#67384f0a5933dbbef40beab0ab31d0b8c582ff88"
  integrity sha1-ZzhPClkz2770C+qwqzHQuMWC/4g=

typescript@^3.7.2:
  version "3.7.2"
  resolved "https://registry.yarnpkg.com/typescript/-/typescript-3.7.2.tgz#27e489b95fa5909445e9fef5ee48d81697ad18fb"
  integrity sha512-ml7V7JfiN2Xwvcer+XAf2csGO1bPBdRbFCkYBczNZggrBZ9c7G3riSUeJmqEU5uOtXNPMhE3n+R4FA/3YOAWOQ==

vue@^2.6.10:
  version "2.6.10"
  resolved "https://registry.yarnpkg.com/vue/-/vue-2.6.10.tgz#a72b1a42a4d82a721ea438d1b6bf55e66195c637"
  integrity sha512-ImThpeNU9HbdZL3utgMCq0oiMzAkt1mcgy3/E6zWC/G6AaQoeuFdsl9nDhTDU3X1R6FK7nsIUuRACVcjI+A2GQ==
